
Microsoft Visual Studio Solution File, Format Version 12.00
# Visual Studio Version 17
VisualStudioVersion = 17.3.32929.385
MinimumVisualStudioVersion = 10.0.40219.1
Project("{FAE04EC0-301F-11D3-BF4B-00C04F79EFBC}") = "Fruit or Vegetable", "Fruit or Vegetable.csproj", "{FD41B170-BD0E-4BF7-B282-4645312B997F}"
EndProject
Global
	GlobalSection(SolutionConfigurationPlatforms) = preSolution
		Debug|Any CPU = Debug|Any CPU
		Release|Any CPU = Release|Any CPU
	EndGlobalSection
	GlobalSection(ProjectConfigurationPlatforms) = postSolution
		{FD41B170-BD0E-4BF7-B282-4645312B997F}.Debug|Any CPU.ActiveCfg = Debug|Any CPU
		{FD41B170-BD0E-4BF7-B282-4645312B997F}.Debug|Any CPU.Build.0 = Debug|Any CPU
		{FD41B170-BD0E-4BF7-B282-4645312B997F}.Release|Any CPU.ActiveCfg = Release|Any CPU
		{FD41B170-BD0E-4BF7-B282-4645312B997F}.Release|Any CPU.Build.0 = Release|Any CPU
	EndGlobalSection
	GlobalSection(SolutionProperties) = preSolution
		HideSolutionNode = FALSE
	EndGlobalSection
	GlobalSection(ExtensibilityGlobals) = postSolution
		SolutionGuid = {D1DD1317-3D90-4DC1-8623-BF13CE133494}
	EndGlobalSection
EndGlobal
